
Microsoft Visual Studio Solution File, Format Version 12.00
# Visual Studio Version 17
VisualStudioVersion = 17.3.32819.101
MinimumVisualStudioVersion = 10.0.40219.1
Project("{9A19103F-16F7-4668-BE54-9A1E7A4F7556}") = "Game", "Game\Game.csproj", "{94AD07E5-7C34-40E3-A62F-AD191B63E42C}"
EndProject
Project("{2150E333-8FDC-42A3-9474-1A3956D46DE8}") = "Solution Items", "Solution Items", "{FEC80BF8-EDE6-452D-BE72-70C72FA23C88}"
	ProjectSection(SolutionItems) = preProject
		.editorconfig = .editorconfig
	EndProjectSection
EndProject
Global
	GlobalSection(SolutionConfigurationPlatforms) = preSolution
		Debug|Any CPU = Debug|Any CPU
		Release|Any CPU = Release|Any CPU
	EndGlobalSection
	GlobalSection(ProjectConfigurationPlatforms) = postSolution
		{94AD07E5-7C34-40E3-A62F-AD191B63E42C}.Debug|Any CPU.ActiveCfg = Debug|Any CPU
		{94AD07E5-7C34-40E3-A62F-AD191B63E42C}.Debug|Any CPU.Build.0 = Debug|Any CPU
		{94AD07E5-7C34-40E3-A62F-AD191B63E42C}.Release|Any CPU.ActiveCfg = Release|Any CPU
		{94AD07E5-7C34-40E3-A62F-AD191B63E42C}.Release|Any CPU.Build.0 = Release|Any CPU
	EndGlobalSection
	GlobalSection(SolutionProperties) = preSolution
		HideSolutionNode = FALSE
	EndGlobalSection
	GlobalSection(ExtensibilityGlobals) = postSolution
		SolutionGuid = {9122DA16-C0F7-4CE4-A985-FEA4B78732E5}
	EndGlobalSection
EndGlobal
